// !$*UTF8*$!
{
	archiveVersion = 1;
	classes = {
	};
	objectVersion = 46;
	objects = {

/* Begin PBXBuildFile section */
		7A02AF411CD820A800D9AAA9 /* BailiffTests.swift in Sources */ = {isa = PBXBuildFile; fileRef = 7A02AF401CD820A800D9AAA9 /* BailiffTests.swift */; };
		7A02AF481CD820BB00D9AAA9 /* SwiftyJSON.framework in Frameworks */ = {isa = PBXBuildFile; fileRef = 7A5DC4AE1CC2EC8B0081D982 /* SwiftyJSON.framework */; };
		7A02AF491CD820BB00D9AAA9 /* ReactiveCocoa.framework in Frameworks */ = {isa = PBXBuildFile; fileRef = 7A5DC4A41CC2EB3A0081D982 /* ReactiveCocoa.framework */; };
		7A02AF4A1CD820BB00D9AAA9 /* Result.framework in Frameworks */ = {isa = PBXBuildFile; fileRef = 7A5DC4A51CC2EB3A0081D982 /* Result.framework */; };
		7A02AF4C1CD8213C00D9AAA9 /* SwiftyJSON.framework in CopyFiles */ = {isa = PBXBuildFile; fileRef = 7A5DC4AE1CC2EC8B0081D982 /* SwiftyJSON.framework */; settings = {ATTRIBUTES = (CodeSignOnCopy, RemoveHeadersOnCopy, ); }; };
		7A02AF4D1CD8213C00D9AAA9 /* ReactiveCocoa.framework in CopyFiles */ = {isa = PBXBuildFile; fileRef = 7A5DC4A41CC2EB3A0081D982 /* ReactiveCocoa.framework */; settings = {ATTRIBUTES = (CodeSignOnCopy, RemoveHeadersOnCopy, ); }; };
		7A02AF4E1CD8213C00D9AAA9 /* Result.framework in CopyFiles */ = {isa = PBXBuildFile; fileRef = 7A5DC4A51CC2EB3A0081D982 /* Result.framework */; settings = {ATTRIBUTES = (CodeSignOnCopy, RemoveHeadersOnCopy, ); }; };
		7A02AF521CD8231900D9AAA9 /* Nimble.framework in Frameworks */ = {isa = PBXBuildFile; fileRef = 7A02AF4F1CD8231900D9AAA9 /* Nimble.framework */; };
		7A02AF531CD8231900D9AAA9 /* OHHTTPStubs.framework in Frameworks */ = {isa = PBXBuildFile; fileRef = 7A02AF501CD8231900D9AAA9 /* OHHTTPStubs.framework */; };
		7A02AF541CD8231900D9AAA9 /* Quick.framework in Frameworks */ = {isa = PBXBuildFile; fileRef = 7A02AF511CD8231900D9AAA9 /* Quick.framework */; };
		7A02AF551CD8232300D9AAA9 /* Nimble.framework in Frameworks */ = {isa = PBXBuildFile; fileRef = 7A02AF4F1CD8231900D9AAA9 /* Nimble.framework */; };
		7A02AF561CD8232300D9AAA9 /* OHHTTPStubs.framework in Frameworks */ = {isa = PBXBuildFile; fileRef = 7A02AF501CD8231900D9AAA9 /* OHHTTPStubs.framework */; };
		7A02AF571CD8232300D9AAA9 /* Quick.framework in Frameworks */ = {isa = PBXBuildFile; fileRef = 7A02AF511CD8231900D9AAA9 /* Quick.framework */; };
		7A02AF581CD8232500D9AAA9 /* Nimble.framework in CopyFiles */ = {isa = PBXBuildFile; fileRef = 7A02AF4F1CD8231900D9AAA9 /* Nimble.framework */; settings = {ATTRIBUTES = (CodeSignOnCopy, RemoveHeadersOnCopy, ); }; };
		7A02AF591CD8232500D9AAA9 /* OHHTTPStubs.framework in CopyFiles */ = {isa = PBXBuildFile; fileRef = 7A02AF501CD8231900D9AAA9 /* OHHTTPStubs.framework */; settings = {ATTRIBUTES = (CodeSignOnCopy, RemoveHeadersOnCopy, ); }; };
		7A02AF5A1CD8232500D9AAA9 /* Quick.framework in CopyFiles */ = {isa = PBXBuildFile; fileRef = 7A02AF511CD8231900D9AAA9 /* Quick.framework */; settings = {ATTRIBUTES = (CodeSignOnCopy, RemoveHeadersOnCopy, ); }; };
		7A02AF5D1CD8237400D9AAA9 /* KeychainWrapper.swift in Sources */ = {isa = PBXBuildFile; fileRef = 7A02AF5C1CD8237400D9AAA9 /* KeychainWrapper.swift */; };
		7A02AF5F1CD8248900D9AAA9 /* OnboardingFlowSpecs.swift in Sources */ = {isa = PBXBuildFile; fileRef = 7A02AF5E1CD8248900D9AAA9 /* OnboardingFlowSpecs.swift */; };
		7A02AF601CD8269600D9AAA9 /* OnboardingFlow.swift in Sources */ = {isa = PBXBuildFile; fileRef = 7A371B721CCBC6860099EB13 /* OnboardingFlow.swift */; };
		7A0BD07F1CD9546C0044D079 /* KeychainWrapper.swift in Sources */ = {isa = PBXBuildFile; fileRef = 7A02AF5C1CD8237400D9AAA9 /* KeychainWrapper.swift */; };
		7A0BD0801CD955AB0044D079 /* OnboardingWindowController.swift in Sources */ = {isa = PBXBuildFile; fileRef = 7A5DC4B31CC44DDC0081D982 /* OnboardingWindowController.swift */; };
		7A0BD0811CD955B10044D079 /* OnboardingViewModel.swift in Sources */ = {isa = PBXBuildFile; fileRef = 7AF3C4331CC5C02300F20388 /* OnboardingViewModel.swift */; };
		7A0BD0841CD957830044D079 /* Presenter.swift in Sources */ = {isa = PBXBuildFile; fileRef = 7A0BD0831CD957830044D079 /* Presenter.swift */; };
		7A0BD0851CD957F00044D079 /* Presenter.swift in Sources */ = {isa = PBXBuildFile; fileRef = 7A0BD0831CD957830044D079 /* Presenter.swift */; };
		7A30EA1F1CD3C5F800D37C51 /* Sparkle.framework in Embed Frameworks */ = {isa = PBXBuildFile; fileRef = 7A30EA1C1CD3C5F500D37C51 /* Sparkle.framework */; settings = {ATTRIBUTES = (CodeSignOnCopy, RemoveHeadersOnCopy, ); }; };
		7A30EA201CD3C60200D37C51 /* Sparkle.framework in Frameworks */ = {isa = PBXBuildFile; fileRef = 7A30EA1C1CD3C5F500D37C51 /* Sparkle.framework */; };
		7A30EA211CD3C60D00D37C51 /* Sparkle.framework in CopyFiles */ = {isa = PBXBuildFile; fileRef = 7A30EA1C1CD3C5F500D37C51 /* Sparkle.framework */; settings = {ATTRIBUTES = (CodeSignOnCopy, RemoveHeadersOnCopy, ); }; };
		7A371B731CCBC6860099EB13 /* OnboardingFlow.swift in Sources */ = {isa = PBXBuildFile; fileRef = 7A371B721CCBC6860099EB13 /* OnboardingFlow.swift */; };
		7A5DC4A81CC2EB400081D982 /* ReactiveCocoa.framework in Frameworks */ = {isa = PBXBuildFile; fileRef = 7A5DC4A41CC2EB3A0081D982 /* ReactiveCocoa.framework */; };
		7A5DC4A91CC2EB400081D982 /* Result.framework in Frameworks */ = {isa = PBXBuildFile; fileRef = 7A5DC4A51CC2EB3A0081D982 /* Result.framework */; };
		7A5DC4AA1CC2EBA70081D982 /* ReactiveCocoa.framework in Frameworks */ = {isa = PBXBuildFile; fileRef = 7A5DC4A41CC2EB3A0081D982 /* ReactiveCocoa.framework */; };
		7A5DC4AB1CC2EBA70081D982 /* ReactiveCocoa.framework in Embed Frameworks */ = {isa = PBXBuildFile; fileRef = 7A5DC4A41CC2EB3A0081D982 /* ReactiveCocoa.framework */; settings = {ATTRIBUTES = (CodeSignOnCopy, RemoveHeadersOnCopy, ); }; };
		7A5DC4AC1CC2EBA70081D982 /* Result.framework in Frameworks */ = {isa = PBXBuildFile; fileRef = 7A5DC4A51CC2EB3A0081D982 /* Result.framework */; };
		7A5DC4AD1CC2EBA70081D982 /* Result.framework in Embed Frameworks */ = {isa = PBXBuildFile; fileRef = 7A5DC4A51CC2EB3A0081D982 /* Result.framework */; settings = {ATTRIBUTES = (CodeSignOnCopy, RemoveHeadersOnCopy, ); }; };
		7A5DC4B01CC2EC900081D982 /* SwiftyJSON.framework in Frameworks */ = {isa = PBXBuildFile; fileRef = 7A5DC4AE1CC2EC8B0081D982 /* SwiftyJSON.framework */; };
		7A5DC4B11CC2EF260081D982 /* SwiftyJSON.framework in Frameworks */ = {isa = PBXBuildFile; fileRef = 7A5DC4AE1CC2EC8B0081D982 /* SwiftyJSON.framework */; };
		7A5DC4B21CC2EF260081D982 /* SwiftyJSON.framework in Embed Frameworks */ = {isa = PBXBuildFile; fileRef = 7A5DC4AE1CC2EC8B0081D982 /* SwiftyJSON.framework */; settings = {ATTRIBUTES = (CodeSignOnCopy, RemoveHeadersOnCopy, ); }; };
		7A5DC4B51CC44DDC0081D982 /* OnboardingWindowController.swift in Sources */ = {isa = PBXBuildFile; fileRef = 7A5DC4B31CC44DDC0081D982 /* OnboardingWindowController.swift */; };
		7A5DC4B61CC44DDC0081D982 /* OnboardingWindowController.xib in Resources */ = {isa = PBXBuildFile; fileRef = 7A5DC4B41CC44DDC0081D982 /* OnboardingWindowController.xib */; };
		7A8209531CC2E592008DB4DD /* AppDelegate.swift in Sources */ = {isa = PBXBuildFile; fileRef = 7A8209521CC2E592008DB4DD /* AppDelegate.swift */; };
		7A8209551CC2E592008DB4DD /* Assets.xcassets in Resources */ = {isa = PBXBuildFile; fileRef = 7A8209541CC2E592008DB4DD /* Assets.xcassets */; };
		7A8209581CC2E592008DB4DD /* MainMenu.xib in Resources */ = {isa = PBXBuildFile; fileRef = 7A8209561CC2E592008DB4DD /* MainMenu.xib */; };
		7A8209671CC2E601008DB4DD /* Arwing.h in Headers */ = {isa = PBXBuildFile; fileRef = 7A8209661CC2E601008DB4DD /* Arwing.h */; settings = {ATTRIBUTES = (Public, ); }; };
		7A82096E1CC2E601008DB4DD /* Arwing.framework in Frameworks */ = {isa = PBXBuildFile; fileRef = 7A8209641CC2E601008DB4DD /* Arwing.framework */; };
		7A8209751CC2E601008DB4DD /* ArwingTests.swift in Sources */ = {isa = PBXBuildFile; fileRef = 7A8209741CC2E601008DB4DD /* ArwingTests.swift */; };
		7A82097A1CC2E601008DB4DD /* Arwing.framework in Embed Frameworks */ = {isa = PBXBuildFile; fileRef = 7A8209641CC2E601008DB4DD /* Arwing.framework */; settings = {ATTRIBUTES = (CodeSignOnCopy, RemoveHeadersOnCopy, ); }; };
		7A8209831CC2E61A008DB4DD /* Client.swift in Sources */ = {isa = PBXBuildFile; fileRef = 7A8209821CC2E61A008DB4DD /* Client.swift */; };
		7ABAF5B71CC6FB0C00B4C69E /* KeychainSwift.framework in Frameworks */ = {isa = PBXBuildFile; fileRef = 7ABAF5B61CC6FB0C00B4C69E /* KeychainSwift.framework */; };
		7ABAF5B81CC6FB0C00B4C69E /* KeychainSwift.framework in Embed Frameworks */ = {isa = PBXBuildFile; fileRef = 7ABAF5B61CC6FB0C00B4C69E /* KeychainSwift.framework */; settings = {ATTRIBUTES = (CodeSignOnCopy, RemoveHeadersOnCopy, ); }; };
		7AF3C4341CC5C02300F20388 /* OnboardingViewModel.swift in Sources */ = {isa = PBXBuildFile; fileRef = 7AF3C4331CC5C02300F20388 /* OnboardingViewModel.swift */; };
		7AF3C4361CC5C31800F20388 /* ApplicationFlow.swift in Sources */ = {isa = PBXBuildFile; fileRef = 7AF3C4351CC5C31800F20388 /* ApplicationFlow.swift */; };
		7AF3C4381CC5C45800F20388 /* CreateIssueFlow.swift in Sources */ = {isa = PBXBuildFile; fileRef = 7AF3C4371CC5C45800F20388 /* CreateIssueFlow.swift */; };
		7AF3C43D1CC5C60C00F20388 /* CreateIssueWindowController.swift in Sources */ = {isa = PBXBuildFile; fileRef = 7AF3C43B1CC5C60C00F20388 /* CreateIssueWindowController.swift */; };
		7AF3C43E1CC5C60C00F20388 /* CreateIssueWindowController.xib in Resources */ = {isa = PBXBuildFile; fileRef = 7AF3C43C1CC5C60C00F20388 /* CreateIssueWindowController.xib */; };
		7AF5D10A1CD19CAD00F6D0BE /* dsa_pub.pem in Resources */ = {isa = PBXBuildFile; fileRef = 7AF5D1091CD19CAD00F6D0BE /* dsa_pub.pem */; };
/* End PBXBuildFile section */

/* Begin PBXContainerItemProxy section */
		7A02AF431CD820A800D9AAA9 /* PBXContainerItemProxy */ = {
			isa = PBXContainerItemProxy;
			containerPortal = 7A8209471CC2E592008DB4DD /* Project object */;
			proxyType = 1;
			remoteGlobalIDString = 7A82094E1CC2E592008DB4DD;
			remoteInfo = Bailiff;
		};
		7A82096F1CC2E601008DB4DD /* PBXContainerItemProxy */ = {
			isa = PBXContainerItemProxy;
			containerPortal = 7A8209471CC2E592008DB4DD /* Project object */;
			proxyType = 1;
			remoteGlobalIDString = 7A8209631CC2E601008DB4DD;
			remoteInfo = Arwing;
		};
		7A8209711CC2E601008DB4DD /* PBXContainerItemProxy */ = {
			isa = PBXContainerItemProxy;
			containerPortal = 7A8209471CC2E592008DB4DD /* Project object */;
			proxyType = 1;
			remoteGlobalIDString = 7A82094E1CC2E592008DB4DD;
			remoteInfo = Bailiff;
		};
		7A8209771CC2E601008DB4DD /* PBXContainerItemProxy */ = {
			isa = PBXContainerItemProxy;
			containerPortal = 7A8209471CC2E592008DB4DD /* Project object */;
			proxyType = 1;
			remoteGlobalIDString = 7A8209631CC2E601008DB4DD;
			remoteInfo = Arwing;
		};
/* End PBXContainerItemProxy section */

/* Begin PBXCopyFilesBuildPhase section */
		7A02AF4B1CD8213000D9AAA9 /* CopyFiles */ = {
			isa = PBXCopyFilesBuildPhase;
			buildActionMask = 2147483647;
			dstPath = "";
			dstSubfolderSpec = 10;
			files = (
				7A02AF581CD8232500D9AAA9 /* Nimble.framework in CopyFiles */,
				7A02AF591CD8232500D9AAA9 /* OHHTTPStubs.framework in CopyFiles */,
				7A02AF5A1CD8232500D9AAA9 /* Quick.framework in CopyFiles */,
				7A02AF4C1CD8213C00D9AAA9 /* SwiftyJSON.framework in CopyFiles */,
				7A02AF4D1CD8213C00D9AAA9 /* ReactiveCocoa.framework in CopyFiles */,
				7A02AF4E1CD8213C00D9AAA9 /* Result.framework in CopyFiles */,
			);
			runOnlyForDeploymentPostprocessing = 0;
		};
		7A30EA1A1CD3C45C00D37C51 /* CopyFiles */ = {
			isa = PBXCopyFilesBuildPhase;
			buildActionMask = 2147483647;
			dstPath = "";
			dstSubfolderSpec = 7;
			files = (
				7A30EA211CD3C60D00D37C51 /* Sparkle.framework in CopyFiles */,
			);
			runOnlyForDeploymentPostprocessing = 0;
		};
		7A82097E1CC2E601008DB4DD /* Embed Frameworks */ = {
			isa = PBXCopyFilesBuildPhase;
			buildActionMask = 2147483647;
			dstPath = "";
			dstSubfolderSpec = 10;
			files = (
				7ABAF5B81CC6FB0C00B4C69E /* KeychainSwift.framework in Embed Frameworks */,
				7A30EA1F1CD3C5F800D37C51 /* Sparkle.framework in Embed Frameworks */,
				7A5DC4B21CC2EF260081D982 /* SwiftyJSON.framework in Embed Frameworks */,
				7A5DC4AD1CC2EBA70081D982 /* Result.framework in Embed Frameworks */,
				7A82097A1CC2E601008DB4DD /* Arwing.framework in Embed Frameworks */,
				7A5DC4AB1CC2EBA70081D982 /* ReactiveCocoa.framework in Embed Frameworks */,
			);
			name = "Embed Frameworks";
			runOnlyForDeploymentPostprocessing = 0;
		};
/* End PBXCopyFilesBuildPhase section */

/* Begin PBXFileReference section */
		7A02AF3E1CD820A800D9AAA9 /* BailiffTests.xctest */ = {isa = PBXFileReference; explicitFileType = wrapper.cfbundle; includeInIndex = 0; path = BailiffTests.xctest; sourceTree = BUILT_PRODUCTS_DIR; };
		7A02AF401CD820A800D9AAA9 /* BailiffTests.swift */ = {isa = PBXFileReference; lastKnownFileType = sourcecode.swift; path = BailiffTests.swift; sourceTree = "<group>"; };
		7A02AF421CD820A800D9AAA9 /* Info.plist */ = {isa = PBXFileReference; lastKnownFileType = text.plist.xml; path = Info.plist; sourceTree = "<group>"; };
		7A02AF4F1CD8231900D9AAA9 /* Nimble.framework */ = {isa = PBXFileReference; lastKnownFileType = wrapper.framework; name = Nimble.framework; path = Carthage/Build/Mac/Nimble.framework; sourceTree = "<group>"; };
		7A02AF501CD8231900D9AAA9 /* OHHTTPStubs.framework */ = {isa = PBXFileReference; lastKnownFileType = wrapper.framework; name = OHHTTPStubs.framework; path = Carthage/Build/Mac/OHHTTPStubs.framework; sourceTree = "<group>"; };
		7A02AF511CD8231900D9AAA9 /* Quick.framework */ = {isa = PBXFileReference; lastKnownFileType = wrapper.framework; name = Quick.framework; path = Carthage/Build/Mac/Quick.framework; sourceTree = "<group>"; };
		7A02AF5C1CD8237400D9AAA9 /* KeychainWrapper.swift */ = {isa = PBXFileReference; fileEncoding = 4; lastKnownFileType = sourcecode.swift; path = KeychainWrapper.swift; sourceTree = "<group>"; };
		7A02AF5E1CD8248900D9AAA9 /* OnboardingFlowSpecs.swift */ = {isa = PBXFileReference; fileEncoding = 4; lastKnownFileType = sourcecode.swift; path = OnboardingFlowSpecs.swift; sourceTree = "<group>"; };
		7A0BD0831CD957830044D079 /* Presenter.swift */ = {isa = PBXFileReference; fileEncoding = 4; lastKnownFileType = sourcecode.swift; path = Presenter.swift; sourceTree = "<group>"; };
		7A30EA1C1CD3C5F500D37C51 /* Sparkle.framework */ = {isa = PBXFileReference; lastKnownFileType = wrapper.framework; path = Sparkle.framework; sourceTree = "<group>"; };
		7A371B721CCBC6860099EB13 /* OnboardingFlow.swift */ = {isa = PBXFileReference; fileEncoding = 4; lastKnownFileType = sourcecode.swift; path = OnboardingFlow.swift; sourceTree = "<group>"; };
		7A5DC4A41CC2EB3A0081D982 /* ReactiveCocoa.framework */ = {isa = PBXFileReference; lastKnownFileType = wrapper.framework; name = ReactiveCocoa.framework; path = Carthage/Build/Mac/ReactiveCocoa.framework; sourceTree = "<group>"; };
		7A5DC4A51CC2EB3A0081D982 /* Result.framework */ = {isa = PBXFileReference; lastKnownFileType = wrapper.framework; name = Result.framework; path = Carthage/Build/Mac/Result.framework; sourceTree = "<group>"; };
		7A5DC4AE1CC2EC8B0081D982 /* SwiftyJSON.framework */ = {isa = PBXFileReference; lastKnownFileType = wrapper.framework; name = SwiftyJSON.framework; path = Carthage/Build/Mac/SwiftyJSON.framework; sourceTree = "<group>"; };
		7A5DC4B31CC44DDC0081D982 /* OnboardingWindowController.swift */ = {isa = PBXFileReference; fileEncoding = 4; lastKnownFileType = sourcecode.swift; path = OnboardingWindowController.swift; sourceTree = "<group>"; };
		7A5DC4B41CC44DDC0081D982 /* OnboardingWindowController.xib */ = {isa = PBXFileReference; fileEncoding = 4; lastKnownFileType = file.xib; path = OnboardingWindowController.xib; sourceTree = "<group>"; };
		7A82094F1CC2E592008DB4DD /* Bailiff.app */ = {isa = PBXFileReference; explicitFileType = wrapper.application; includeInIndex = 0; path = Bailiff.app; sourceTree = BUILT_PRODUCTS_DIR; };
		7A8209521CC2E592008DB4DD /* AppDelegate.swift */ = {isa = PBXFileReference; lastKnownFileType = sourcecode.swift; path = AppDelegate.swift; sourceTree = "<group>"; };
		7A8209541CC2E592008DB4DD /* Assets.xcassets */ = {isa = PBXFileReference; lastKnownFileType = folder.assetcatalog; path = Assets.xcassets; sourceTree = "<group>"; };
		7A8209571CC2E592008DB4DD /* Base */ = {isa = PBXFileReference; lastKnownFileType = file.xib; name = Base; path = Base.lproj/MainMenu.xib; sourceTree = "<group>"; };
		7A8209591CC2E592008DB4DD /* Info.plist */ = {isa = PBXFileReference; lastKnownFileType = text.plist.xml; path = Info.plist; sourceTree = "<group>"; };
		7A8209641CC2E601008DB4DD /* Arwing.framework */ = {isa = PBXFileReference; explicitFileType = wrapper.framework; includeInIndex = 0; path = Arwing.framework; sourceTree = BUILT_PRODUCTS_DIR; };
		7A8209661CC2E601008DB4DD /* Arwing.h */ = {isa = PBXFileReference; lastKnownFileType = sourcecode.c.h; path = Arwing.h; sourceTree = "<group>"; };
		7A8209681CC2E601008DB4DD /* Info.plist */ = {isa = PBXFileReference; lastKnownFileType = text.plist.xml; path = Info.plist; sourceTree = "<group>"; };
		7A82096D1CC2E601008DB4DD /* ArwingTests.xctest */ = {isa = PBXFileReference; explicitFileType = wrapper.cfbundle; includeInIndex = 0; path = ArwingTests.xctest; sourceTree = BUILT_PRODUCTS_DIR; };
		7A8209741CC2E601008DB4DD /* ArwingTests.swift */ = {isa = PBXFileReference; lastKnownFileType = sourcecode.swift; path = ArwingTests.swift; sourceTree = "<group>"; };
		7A8209761CC2E601008DB4DD /* Info.plist */ = {isa = PBXFileReference; lastKnownFileType = text.plist.xml; path = Info.plist; sourceTree = "<group>"; };
		7A8209821CC2E61A008DB4DD /* Client.swift */ = {isa = PBXFileReference; fileEncoding = 4; lastKnownFileType = sourcecode.swift; path = Client.swift; sourceTree = "<group>"; };
		7ABAF5B61CC6FB0C00B4C69E /* KeychainSwift.framework */ = {isa = PBXFileReference; lastKnownFileType = wrapper.framework; name = KeychainSwift.framework; path = Carthage/Build/Mac/KeychainSwift.framework; sourceTree = "<group>"; };
		7AF3C4331CC5C02300F20388 /* OnboardingViewModel.swift */ = {isa = PBXFileReference; fileEncoding = 4; lastKnownFileType = sourcecode.swift; path = OnboardingViewModel.swift; sourceTree = "<group>"; };
		7AF3C4351CC5C31800F20388 /* ApplicationFlow.swift */ = {isa = PBXFileReference; fileEncoding = 4; lastKnownFileType = sourcecode.swift; path = ApplicationFlow.swift; sourceTree = "<group>"; };
		7AF3C4371CC5C45800F20388 /* CreateIssueFlow.swift */ = {isa = PBXFileReference; fileEncoding = 4; lastKnownFileType = sourcecode.swift; path = CreateIssueFlow.swift; sourceTree = "<group>"; };
		7AF3C43B1CC5C60C00F20388 /* CreateIssueWindowController.swift */ = {isa = PBXFileReference; fileEncoding = 4; lastKnownFileType = sourcecode.swift; path = CreateIssueWindowController.swift; sourceTree = "<group>"; };
		7AF3C43C1CC5C60C00F20388 /* CreateIssueWindowController.xib */ = {isa = PBXFileReference; fileEncoding = 4; lastKnownFileType = file.xib; path = CreateIssueWindowController.xib; sourceTree = "<group>"; };
		7AF5D1091CD19CAD00F6D0BE /* dsa_pub.pem */ = {isa = PBXFileReference; fileEncoding = 4; lastKnownFileType = text; path = dsa_pub.pem; sourceTree = "<group>"; };
/* End PBXFileReference section */

/* Begin PBXFrameworksBuildPhase section */
		7A02AF3B1CD820A800D9AAA9 /* Frameworks */ = {
			isa = PBXFrameworksBuildPhase;
			buildActionMask = 2147483647;
			files = (
				7A02AF481CD820BB00D9AAA9 /* SwiftyJSON.framework in Frameworks */,
				7A02AF491CD820BB00D9AAA9 /* ReactiveCocoa.framework in Frameworks */,
				7A02AF551CD8232300D9AAA9 /* Nimble.framework in Frameworks */,
				7A02AF561CD8232300D9AAA9 /* OHHTTPStubs.framework in Frameworks */,
				7A02AF571CD8232300D9AAA9 /* Quick.framework in Frameworks */,
				7A02AF4A1CD820BB00D9AAA9 /* Result.framework in Frameworks */,
			);
			runOnlyForDeploymentPostprocessing = 0;
		};
		7A82094C1CC2E592008DB4DD /* Frameworks */ = {
			isa = PBXFrameworksBuildPhase;
			buildActionMask = 2147483647;
			files = (
				7ABAF5B71CC6FB0C00B4C69E /* KeychainSwift.framework in Frameworks */,
				7A30EA201CD3C60200D37C51 /* Sparkle.framework in Frameworks */,
				7A5DC4AC1CC2EBA70081D982 /* Result.framework in Frameworks */,
				7A5DC4AA1CC2EBA70081D982 /* ReactiveCocoa.framework in Frameworks */,
				7A5DC4B11CC2EF260081D982 /* SwiftyJSON.framework in Frameworks */,
			);
			runOnlyForDeploymentPostprocessing = 0;
		};
		7A8209601CC2E601008DB4DD /* Frameworks */ = {
			isa = PBXFrameworksBuildPhase;
			buildActionMask = 2147483647;
			files = (
				7A5DC4A81CC2EB400081D982 /* ReactiveCocoa.framework in Frameworks */,
				7A5DC4B01CC2EC900081D982 /* SwiftyJSON.framework in Frameworks */,
				7A5DC4A91CC2EB400081D982 /* Result.framework in Frameworks */,
			);
			runOnlyForDeploymentPostprocessing = 0;
		};
		7A82096A1CC2E601008DB4DD /* Frameworks */ = {
			isa = PBXFrameworksBuildPhase;
			buildActionMask = 2147483647;
			files = (
				7A02AF541CD8231900D9AAA9 /* Quick.framework in Frameworks */,
				7A02AF531CD8231900D9AAA9 /* OHHTTPStubs.framework in Frameworks */,
				7A82096E1CC2E601008DB4DD /* Arwing.framework in Frameworks */,
				7A02AF521CD8231900D9AAA9 /* Nimble.framework in Frameworks */,
			);
			runOnlyForDeploymentPostprocessing = 0;
		};
/* End PBXFrameworksBuildPhase section */

/* Begin PBXGroup section */
		7A02AF3F1CD820A800D9AAA9 /* BailiffTests */ = {
			isa = PBXGroup;
			children = (
				7A02AF401CD820A800D9AAA9 /* BailiffTests.swift */,
				7A02AF421CD820A800D9AAA9 /* Info.plist */,
				7A02AF5E1CD8248900D9AAA9 /* OnboardingFlowSpecs.swift */,
			);
			path = BailiffTests;
			sourceTree = "<group>";
		};
		7A02AF5B1CD8235900D9AAA9 /* Domain */ = {
			isa = PBXGroup;
			children = (
				7A02AF5C1CD8237400D9AAA9 /* KeychainWrapper.swift */,
			);
			name = Domain;
			sourceTree = "<group>";
		};
		7A0BD0821CD957730044D079 /* UI */ = {
			isa = PBXGroup;
			children = (
				7A0BD0831CD957830044D079 /* Presenter.swift */,
			);
			name = UI;
			sourceTree = "<group>";
		};
		7A371B741CCBC68E0099EB13 /* Flow */ = {
			isa = PBXGroup;
			children = (
			);
			name = Flow;
			sourceTree = "<group>";
		};
		7A5DC4A01CC2EAB30081D982 /* Frameworks */ = {
			isa = PBXGroup;
			children = (
				7A02AF4F1CD8231900D9AAA9 /* Nimble.framework */,
				7A02AF501CD8231900D9AAA9 /* OHHTTPStubs.framework */,
				7A02AF511CD8231900D9AAA9 /* Quick.framework */,
				7ABAF5B61CC6FB0C00B4C69E /* KeychainSwift.framework */,
				7A30EA1C1CD3C5F500D37C51 /* Sparkle.framework */,
				7A5DC4AE1CC2EC8B0081D982 /* SwiftyJSON.framework */,
				7A5DC4A41CC2EB3A0081D982 /* ReactiveCocoa.framework */,
				7A5DC4A51CC2EB3A0081D982 /* Result.framework */,
			);
			name = Frameworks;
			sourceTree = "<group>";
		};
		7A8209461CC2E592008DB4DD = {
			isa = PBXGroup;
			children = (
				7A8209511CC2E592008DB4DD /* Bailiff */,
				7A8209651CC2E601008DB4DD /* Arwing */,
				7A8209731CC2E601008DB4DD /* ArwingTests */,
				7A02AF3F1CD820A800D9AAA9 /* BailiffTests */,
				7A8209501CC2E592008DB4DD /* Products */,
				7A5DC4A01CC2EAB30081D982 /* Frameworks */,
			);
			sourceTree = "<group>";
		};
		7A8209501CC2E592008DB4DD /* Products */ = {
			isa = PBXGroup;
			children = (
				7A82094F1CC2E592008DB4DD /* Bailiff.app */,
				7A8209641CC2E601008DB4DD /* Arwing.framework */,
				7A82096D1CC2E601008DB4DD /* ArwingTests.xctest */,
				7A02AF3E1CD820A800D9AAA9 /* BailiffTests.xctest */,
			);
			name = Products;
			sourceTree = "<group>";
		};
		7A8209511CC2E592008DB4DD /* Bailiff */ = {
			isa = PBXGroup;
			children = (
				7A0BD0821CD957730044D079 /* UI */,
				7A02AF5B1CD8235900D9AAA9 /* Domain */,
				7A371B741CCBC68E0099EB13 /* Flow */,
				7A8209521CC2E592008DB4DD /* AppDelegate.swift */,
				7AF3C4421CC5C72B00F20388 /* Resources */,
				7AF3C4411CC5C71300F20388 /* Onboarding */,
				7AF3C4401CC5C70C00F20388 /* Create Issue */,
				7AF3C4351CC5C31800F20388 /* ApplicationFlow.swift */,
			);
			path = Bailiff;
			sourceTree = "<group>";
		};
		7A8209651CC2E601008DB4DD /* Arwing */ = {
			isa = PBXGroup;
			children = (
				7A8209661CC2E601008DB4DD /* Arwing.h */,
				7A8209681CC2E601008DB4DD /* Info.plist */,
				7A8209821CC2E61A008DB4DD /* Client.swift */,
			);
			path = Arwing;
			sourceTree = "<group>";
		};
		7A8209731CC2E601008DB4DD /* ArwingTests */ = {
			isa = PBXGroup;
			children = (
				7A8209741CC2E601008DB4DD /* ArwingTests.swift */,
				7A8209761CC2E601008DB4DD /* Info.plist */,
			);
			path = ArwingTests;
			sourceTree = "<group>";
		};
		7AF3C4401CC5C70C00F20388 /* Create Issue */ = {
			isa = PBXGroup;
			children = (
				7AF3C4371CC5C45800F20388 /* CreateIssueFlow.swift */,
				7AF3C43B1CC5C60C00F20388 /* CreateIssueWindowController.swift */,
				7AF3C43C1CC5C60C00F20388 /* CreateIssueWindowController.xib */,
			);
			name = "Create Issue";
			sourceTree = "<group>";
		};
		7AF3C4411CC5C71300F20388 /* Onboarding */ = {
			isa = PBXGroup;
			children = (
				7A5DC4B31CC44DDC0081D982 /* OnboardingWindowController.swift */,
				7A5DC4B41CC44DDC0081D982 /* OnboardingWindowController.xib */,
				7AF3C4331CC5C02300F20388 /* OnboardingViewModel.swift */,
				7A371B721CCBC6860099EB13 /* OnboardingFlow.swift */,
			);
			name = Onboarding;
			sourceTree = "<group>";
		};
		7AF3C4421CC5C72B00F20388 /* Resources */ = {
			isa = PBXGroup;
			children = (
				7AF5D1091CD19CAD00F6D0BE /* dsa_pub.pem */,
				7A8209541CC2E592008DB4DD /* Assets.xcassets */,
				7A8209561CC2E592008DB4DD /* MainMenu.xib */,
				7A8209591CC2E592008DB4DD /* Info.plist */,
			);
			name = Resources;
			sourceTree = "<group>";
		};
/* End PBXGroup section */

/* Begin PBXHeadersBuildPhase section */
		7A8209611CC2E601008DB4DD /* Headers */ = {
			isa = PBXHeadersBuildPhase;
			buildActionMask = 2147483647;
			files = (
				7A8209671CC2E601008DB4DD /* Arwing.h in Headers */,
			);
			runOnlyForDeploymentPostprocessing = 0;
		};
/* End PBXHeadersBuildPhase section */

/* Begin PBXNativeTarget section */
		7A02AF3D1CD820A800D9AAA9 /* BailiffTests */ = {
			isa = PBXNativeTarget;
			buildConfigurationList = 7A02AF471CD820A800D9AAA9 /* Build configuration list for PBXNativeTarget "BailiffTests" */;
			buildPhases = (
				7A02AF3A1CD820A800D9AAA9 /* Sources */,
				7A02AF3B1CD820A800D9AAA9 /* Frameworks */,
				7A02AF3C1CD820A800D9AAA9 /* Resources */,
				7A02AF4B1CD8213000D9AAA9 /* CopyFiles */,
			);
			buildRules = (
			);
			dependencies = (
				7A02AF441CD820A800D9AAA9 /* PBXTargetDependency */,
			);
			name = BailiffTests;
			productName = BailiffTests;
			productReference = 7A02AF3E1CD820A800D9AAA9 /* BailiffTests.xctest */;
			productType = "com.apple.product-type.bundle.unit-test";
		};
		7A82094E1CC2E592008DB4DD /* Bailiff */ = {
			isa = PBXNativeTarget;
			buildConfigurationList = 7A82095C1CC2E592008DB4DD /* Build configuration list for PBXNativeTarget "Bailiff" */;
			buildPhases = (
				7A82094B1CC2E592008DB4DD /* Sources */,
				7A82094C1CC2E592008DB4DD /* Frameworks */,
				7A82094D1CC2E592008DB4DD /* Resources */,
				7A82097E1CC2E601008DB4DD /* Embed Frameworks */,
				7A30EA1A1CD3C45C00D37C51 /* CopyFiles */,
			);
			buildRules = (
			);
			dependencies = (
				7A8209781CC2E601008DB4DD /* PBXTargetDependency */,
			);
			name = Bailiff;
			productName = Bailiff;
			productReference = 7A82094F1CC2E592008DB4DD /* Bailiff.app */;
			productType = "com.apple.product-type.application";
		};
		7A8209631CC2E601008DB4DD /* Arwing */ = {
			isa = PBXNativeTarget;
			buildConfigurationList = 7A82097B1CC2E601008DB4DD /* Build configuration list for PBXNativeTarget "Arwing" */;
			buildPhases = (
				7A82095F1CC2E601008DB4DD /* Sources */,
				7A8209601CC2E601008DB4DD /* Frameworks */,
				7A8209611CC2E601008DB4DD /* Headers */,
				7A8209621CC2E601008DB4DD /* Resources */,
			);
			buildRules = (
			);
			dependencies = (
			);
			name = Arwing;
			productName = Arwing;
			productReference = 7A8209641CC2E601008DB4DD /* Arwing.framework */;
			productType = "com.apple.product-type.framework";
		};
		7A82096C1CC2E601008DB4DD /* ArwingTests */ = {
			isa = PBXNativeTarget;
			buildConfigurationList = 7A82097F1CC2E601008DB4DD /* Build configuration list for PBXNativeTarget "ArwingTests" */;
			buildPhases = (
				7A8209691CC2E601008DB4DD /* Sources */,
				7A82096A1CC2E601008DB4DD /* Frameworks */,
				7A82096B1CC2E601008DB4DD /* Resources */,
			);
			buildRules = (
			);
			dependencies = (
				7A8209701CC2E601008DB4DD /* PBXTargetDependency */,
				7A8209721CC2E601008DB4DD /* PBXTargetDependency */,
			);
			name = ArwingTests;
			productName = ArwingTests;
			productReference = 7A82096D1CC2E601008DB4DD /* ArwingTests.xctest */;
			productType = "com.apple.product-type.bundle.unit-test";
		};
/* End PBXNativeTarget section */

/* Begin PBXProject section */
		7A8209471CC2E592008DB4DD /* Project object */ = {
			isa = PBXProject;
			attributes = {
				LastSwiftUpdateCheck = 0730;
				LastUpgradeCheck = 0730;
				ORGANIZATIONNAME = "Perfectly-Cooked";
				TargetAttributes = {
					7A02AF3D1CD820A800D9AAA9 = {
						CreatedOnToolsVersion = 7.3;
						TestTargetID = 7A82094E1CC2E592008DB4DD;
					};
					7A82094E1CC2E592008DB4DD = {
						CreatedOnToolsVersion = 7.3;
						DevelopmentTeam = 8VS9JKFDZS;
					};
					7A8209631CC2E601008DB4DD = {
						CreatedOnToolsVersion = 7.3;
					};
					7A82096C1CC2E601008DB4DD = {
						CreatedOnToolsVersion = 7.3;
						TestTargetID = 7A82094E1CC2E592008DB4DD;
					};
				};
			};
			buildConfigurationList = 7A82094A1CC2E592008DB4DD /* Build configuration list for PBXProject "Bailiff" */;
			compatibilityVersion = "Xcode 3.2";
			developmentRegion = English;
			hasScannedForEncodings = 0;
			knownRegions = (
				en,
				Base,
			);
			mainGroup = 7A8209461CC2E592008DB4DD;
			productRefGroup = 7A8209501CC2E592008DB4DD /* Products */;
			projectDirPath = "";
			projectRoot = "";
			targets = (
				7A82094E1CC2E592008DB4DD /* Bailiff */,
				7A8209631CC2E601008DB4DD /* Arwing */,
				7A82096C1CC2E601008DB4DD /* ArwingTests */,
				7A02AF3D1CD820A800D9AAA9 /* BailiffTests */,
			);
		};
/* End PBXProject section */

/* Begin PBXResourcesBuildPhase section */
		7A02AF3C1CD820A800D9AAA9 /* Resources */ = {
			isa = PBXResourcesBuildPhase;
			buildActionMask = 2147483647;
			files = (
			);
			runOnlyForDeploymentPostprocessing = 0;
		};
		7A82094D1CC2E592008DB4DD /* Resources */ = {
			isa = PBXResourcesBuildPhase;
			buildActionMask = 2147483647;
			files = (
				7AF5D10A1CD19CAD00F6D0BE /* dsa_pub.pem in Resources */,
				7A5DC4B61CC44DDC0081D982 /* OnboardingWindowController.xib in Resources */,
				7AF3C43E1CC5C60C00F20388 /* CreateIssueWindowController.xib in Resources */,
				7A8209551CC2E592008DB4DD /* Assets.xcassets in Resources */,
				7A8209581CC2E592008DB4DD /* MainMenu.xib in Resources */,
			);
			runOnlyForDeploymentPostprocessing = 0;
		};
		7A8209621CC2E601008DB4DD /* Resources */ = {
			isa = PBXResourcesBuildPhase;
			buildActionMask = 2147483647;
			files = (
			);
			runOnlyForDeploymentPostprocessing = 0;
		};
		7A82096B1CC2E601008DB4DD /* Resources */ = {
			isa = PBXResourcesBuildPhase;
			buildActionMask = 2147483647;
			files = (
			);
			runOnlyForDeploymentPostprocessing = 0;
		};
/* End PBXResourcesBuildPhase section */

/* Begin PBXSourcesBuildPhase section */
		7A02AF3A1CD820A800D9AAA9 /* Sources */ = {
			isa = PBXSourcesBuildPhase;
			buildActionMask = 2147483647;
			files = (
				7A02AF601CD8269600D9AAA9 /* OnboardingFlow.swift in Sources */,
				7A0BD0851CD957F00044D079 /* Presenter.swift in Sources */,
				7A0BD0811CD955B10044D079 /* OnboardingViewModel.swift in Sources */,
				7A0BD0801CD955AB0044D079 /* OnboardingWindowController.swift in Sources */,
				7A0BD07F1CD9546C0044D079 /* KeychainWrapper.swift in Sources */,
				7A02AF411CD820A800D9AAA9 /* BailiffTests.swift in Sources */,
				7A02AF5F1CD8248900D9AAA9 /* OnboardingFlowSpecs.swift in Sources */,
			);
			runOnlyForDeploymentPostprocessing = 0;
		};
		7A82094B1CC2E592008DB4DD /* Sources */ = {
			isa = PBXSourcesBuildPhase;
			buildActionMask = 2147483647;
			files = (
				7A0BD0841CD957830044D079 /* Presenter.swift in Sources */,
				7AF3C4361CC5C31800F20388 /* ApplicationFlow.swift in Sources */,
				7A371B731CCBC6860099EB13 /* OnboardingFlow.swift in Sources */,
				7AF3C43D1CC5C60C00F20388 /* CreateIssueWindowController.swift in Sources */,
				7A5DC4B51CC44DDC0081D982 /* OnboardingWindowController.swift in Sources */,
				7AF3C4341CC5C02300F20388 /* OnboardingViewModel.swift in Sources */,
				7A02AF5D1CD8237400D9AAA9 /* KeychainWrapper.swift in Sources */,
				7A8209531CC2E592008DB4DD /* AppDelegate.swift in Sources */,
				7AF3C4381CC5C45800F20388 /* CreateIssueFlow.swift in Sources */,
			);
			runOnlyForDeploymentPostprocessing = 0;
		};
		7A82095F1CC2E601008DB4DD /* Sources */ = {
			isa = PBXSourcesBuildPhase;
			buildActionMask = 2147483647;
			files = (
				7A8209831CC2E61A008DB4DD /* Client.swift in Sources */,
			);
			runOnlyForDeploymentPostprocessing = 0;
		};
		7A8209691CC2E601008DB4DD /* Sources */ = {
			isa = PBXSourcesBuildPhase;
			buildActionMask = 2147483647;
			files = (
				7A8209751CC2E601008DB4DD /* ArwingTests.swift in Sources */,
			);
			runOnlyForDeploymentPostprocessing = 0;
		};
/* End PBXSourcesBuildPhase section */

/* Begin PBXTargetDependency section */
		7A02AF441CD820A800D9AAA9 /* PBXTargetDependency */ = {
			isa = PBXTargetDependency;
			target = 7A82094E1CC2E592008DB4DD /* Bailiff */;
			targetProxy = 7A02AF431CD820A800D9AAA9 /* PBXContainerItemProxy */;
		};
		7A8209701CC2E601008DB4DD /* PBXTargetDependency */ = {
			isa = PBXTargetDependency;
			target = 7A8209631CC2E601008DB4DD /* Arwing */;
			targetProxy = 7A82096F1CC2E601008DB4DD /* PBXContainerItemProxy */;
		};
		7A8209721CC2E601008DB4DD /* PBXTargetDependency */ = {
			isa = PBXTargetDependency;
			target = 7A82094E1CC2E592008DB4DD /* Bailiff */;
			targetProxy = 7A8209711CC2E601008DB4DD /* PBXContainerItemProxy */;
		};
		7A8209781CC2E601008DB4DD /* PBXTargetDependency */ = {
			isa = PBXTargetDependency;
			target = 7A8209631CC2E601008DB4DD /* Arwing */;
			targetProxy = 7A8209771CC2E601008DB4DD /* PBXContainerItemProxy */;
		};
/* End PBXTargetDependency section */

/* Begin PBXVariantGroup section */
		7A8209561CC2E592008DB4DD /* MainMenu.xib */ = {
			isa = PBXVariantGroup;
			children = (
				7A8209571CC2E592008DB4DD /* Base */,
			);
			name = MainMenu.xib;
			sourceTree = "<group>";
		};
/* End PBXVariantGroup section */

/* Begin XCBuildConfiguration section */
		7A02AF451CD820A800D9AAA9 /* Debug */ = {
			isa = XCBuildConfiguration;
			buildSettings = {
				BUNDLE_LOADER = "$(TEST_HOST)";
				COMBINE_HIDPI_IMAGES = YES;
				FRAMEWORK_SEARCH_PATHS = (
					"$(inherited)",
					"$(PROJECT_DIR)/Carthage/Build/Mac",
				);
				INFOPLIST_FILE = BailiffTests/Info.plist;
				LD_RUNPATH_SEARCH_PATHS = "$(inherited) @executable_path/../Frameworks @loader_path/../Frameworks";
				PRODUCT_BUNDLE_IDENTIFIER = "com.perfectly-cooked.BailiffTests";
				PRODUCT_NAME = "$(TARGET_NAME)";
				TEST_HOST = "$(BUILT_PRODUCTS_DIR)/Bailiff.app/Contents/MacOS/Bailiff";
			};
			name = Debug;
		};
		7A02AF461CD820A800D9AAA9 /* Release */ = {
			isa = XCBuildConfiguration;
			buildSettings = {
				BUNDLE_LOADER = "$(TEST_HOST)";
				COMBINE_HIDPI_IMAGES = YES;
				FRAMEWORK_SEARCH_PATHS = (
					"$(inherited)",
					"$(PROJECT_DIR)/Carthage/Build/Mac",
				);
				INFOPLIST_FILE = BailiffTests/Info.plist;
				LD_RUNPATH_SEARCH_PATHS = "$(inherited) @executable_path/../Frameworks @loader_path/../Frameworks";
				PRODUCT_BUNDLE_IDENTIFIER = "com.perfectly-cooked.BailiffTests";
				PRODUCT_NAME = "$(TARGET_NAME)";
				TEST_HOST = "$(BUILT_PRODUCTS_DIR)/Bailiff.app/Contents/MacOS/Bailiff";
			};
			name = Release;
		};
		7A82095A1CC2E592008DB4DD /* Debug */ = {
			isa = XCBuildConfiguration;
			buildSettings = {
				ALWAYS_SEARCH_USER_PATHS = NO;
				CLANG_ANALYZER_NONNULL = YES;
				CLANG_CXX_LANGUAGE_STANDARD = "gnu++0x";
				CLANG_CXX_LIBRARY = "libc++";
				CLANG_ENABLE_MODULES = YES;
				CLANG_ENABLE_OBJC_ARC = YES;
				CLANG_WARN_BOOL_CONVERSION = YES;
				CLANG_WARN_CONSTANT_CONVERSION = YES;
				CLANG_WARN_DIRECT_OBJC_ISA_USAGE = YES_ERROR;
				CLANG_WARN_EMPTY_BODY = YES;
				CLANG_WARN_ENUM_CONVERSION = YES;
				CLANG_WARN_INT_CONVERSION = YES;
				CLANG_WARN_OBJC_ROOT_CLASS = YES_ERROR;
				CLANG_WARN_UNREACHABLE_CODE = YES;
				CLANG_WARN__DUPLICATE_METHOD_MATCH = YES;
				CODE_SIGN_IDENTITY = "-";
				COPY_PHASE_STRIP = NO;
				DEBUG_INFORMATION_FORMAT = dwarf;
				ENABLE_STRICT_OBJC_MSGSEND = YES;
				ENABLE_TESTABILITY = YES;
				GCC_C_LANGUAGE_STANDARD = gnu99;
				GCC_DYNAMIC_NO_PIC = NO;
				GCC_NO_COMMON_BLOCKS = YES;
				GCC_OPTIMIZATION_LEVEL = 0;
				GCC_PREPROCESSOR_DEFINITIONS = (
					"DEBUG=1",
					"$(inherited)",
				);
				GCC_WARN_64_TO_32_BIT_CONVERSION = YES;
				GCC_WARN_ABOUT_RETURN_TYPE = YES_ERROR;
				GCC_WARN_UNDECLARED_SELECTOR = YES;
				GCC_WARN_UNINITIALIZED_AUTOS = YES_AGGRESSIVE;
				GCC_WARN_UNUSED_FUNCTION = YES;
				GCC_WARN_UNUSED_VARIABLE = YES;
				MACOSX_DEPLOYMENT_TARGET = 10.11;
				MTL_ENABLE_DEBUG_INFO = YES;
				ONLY_ACTIVE_ARCH = YES;
				SDKROOT = macosx;
				SWIFT_OPTIMIZATION_LEVEL = "-Onone";
			};
			name = Debug;
		};
		7A82095B1CC2E592008DB4DD /* Release */ = {
			isa = XCBuildConfiguration;
			buildSettings = {
				ALWAYS_SEARCH_USER_PATHS = NO;
				CLANG_ANALYZER_NONNULL = YES;
				CLANG_CXX_LANGUAGE_STANDARD = "gnu++0x";
				CLANG_CXX_LIBRARY = "libc++";
				CLANG_ENABLE_MODULES = YES;
				CLANG_ENABLE_OBJC_ARC = YES;
				CLANG_WARN_BOOL_CONVERSION = YES;
				CLANG_WARN_CONSTANT_CONVERSION = YES;
				CLANG_WARN_DIRECT_OBJC_ISA_USAGE = YES_ERROR;
				CLANG_WARN_EMPTY_BODY = YES;
				CLANG_WARN_ENUM_CONVERSION = YES;
				CLANG_WARN_INT_CONVERSION = YES;
				CLANG_WARN_OBJC_ROOT_CLASS = YES_ERROR;
				CLANG_WARN_UNREACHABLE_CODE = YES;
				CLANG_WARN__DUPLICATE_METHOD_MATCH = YES;
				CODE_SIGN_IDENTITY = "-";
				COPY_PHASE_STRIP = NO;
				DEBUG_INFORMATION_FORMAT = "dwarf-with-dsym";
				ENABLE_NS_ASSERTIONS = NO;
				ENABLE_STRICT_OBJC_MSGSEND = YES;
				GCC_C_LANGUAGE_STANDARD = gnu99;
				GCC_NO_COMMON_BLOCKS = YES;
				GCC_WARN_64_TO_32_BIT_CONVERSION = YES;
				GCC_WARN_ABOUT_RETURN_TYPE = YES_ERROR;
				GCC_WARN_UNDECLARED_SELECTOR = YES;
				GCC_WARN_UNINITIALIZED_AUTOS = YES_AGGRESSIVE;
				GCC_WARN_UNUSED_FUNCTION = YES;
				GCC_WARN_UNUSED_VARIABLE = YES;
				MACOSX_DEPLOYMENT_TARGET = 10.11;
				MTL_ENABLE_DEBUG_INFO = NO;
				SDKROOT = macosx;
			};
			name = Release;
		};
		7A82095D1CC2E592008DB4DD /* Debug */ = {
			isa = XCBuildConfiguration;
			buildSettings = {
				ASSETCATALOG_COMPILER_APPICON_NAME = AppIcon;
				CODE_SIGN_IDENTITY = "Developer ID Application";
				"CODE_SIGN_IDENTITY[sdk=macosx*]" = "Mac Developer";
				COMBINE_HIDPI_IMAGES = YES;
				EMBEDDED_CONTENT_CONTAINS_SWIFT = YES;
				FRAMEWORK_SEARCH_PATHS = (
					"$(inherited)",
					"$(PROJECT_DIR)/Carthage/Build/Mac",
					"$(PROJECT_DIR)",
				);
				INFOPLIST_FILE = Bailiff/Info.plist;
				LD_RUNPATH_SEARCH_PATHS = "$(inherited) @executable_path/../Frameworks";
				PRODUCT_BUNDLE_IDENTIFIER = "com.perfectly-cooked.mac.Bailiff";
				PRODUCT_NAME = "$(TARGET_NAME)";
				PROVISIONING_PROFILE = "";
			};
			name = Debug;
		};
		7A82095E1CC2E592008DB4DD /* Release */ = {
			isa = XCBuildConfiguration;
			buildSettings = {
				ASSETCATALOG_COMPILER_APPICON_NAME = AppIcon;
				CODE_SIGN_IDENTITY = "Developer ID Application";
				"CODE_SIGN_IDENTITY[sdk=macosx*]" = "Mac Developer";
				COMBINE_HIDPI_IMAGES = YES;
				EMBEDDED_CONTENT_CONTAINS_SWIFT = YES;
				FRAMEWORK_SEARCH_PATHS = (
					"$(inherited)",
					"$(PROJECT_DIR)/Carthage/Build/Mac",
					"$(PROJECT_DIR)",
				);
				INFOPLIST_FILE = Bailiff/Info.plist;
				LD_RUNPATH_SEARCH_PATHS = "$(inherited) @executable_path/../Frameworks";
				PRODUCT_BUNDLE_IDENTIFIER = "com.perfectly-cooked.mac.Bailiff";
				PRODUCT_NAME = "$(TARGET_NAME)";
				PROVISIONING_PROFILE = "";
			};
			name = Release;
		};
		7A82097C1CC2E601008DB4DD /* Debug */ = {
			isa = XCBuildConfiguration;
			buildSettings = {
				CLANG_ENABLE_MODULES = YES;
				COMBINE_HIDPI_IMAGES = YES;
				CURRENT_PROJECT_VERSION = 1;
				DEFINES_MODULE = YES;
				DYLIB_COMPATIBILITY_VERSION = 1;
				DYLIB_CURRENT_VERSION = 1;
				DYLIB_INSTALL_NAME_BASE = "@rpath";
				FRAMEWORK_SEARCH_PATHS = (
					"$(inherited)",
					"$(PROJECT_DIR)/Carthage/Build/Mac",
				);
				FRAMEWORK_VERSION = A;
				INFOPLIST_FILE = Arwing/Info.plist;
				INSTALL_PATH = "$(LOCAL_LIBRARY_DIR)/Frameworks";
				LD_RUNPATH_SEARCH_PATHS = "$(inherited) @executable_path/../Frameworks @loader_path/Frameworks";
				PRODUCT_BUNDLE_IDENTIFIER = "com.perfectly-cooked.Arwing";
				PRODUCT_NAME = "$(TARGET_NAME)";
				SKIP_INSTALL = YES;
				SWIFT_OPTIMIZATION_LEVEL = "-Onone";
				VERSIONING_SYSTEM = "apple-generic";
				VERSION_INFO_PREFIX = "";
			};
			name = Debug;
		};
		7A82097D1CC2E601008DB4DD /* Release */ = {
			isa = XCBuildConfiguration;
			buildSettings = {
				CLANG_ENABLE_MODULES = YES;
				COMBINE_HIDPI_IMAGES = YES;
				CURRENT_PROJECT_VERSION = 1;
				DEFINES_MODULE = YES;
				DYLIB_COMPATIBILITY_VERSION = 1;
				DYLIB_CURRENT_VERSION = 1;
				DYLIB_INSTALL_NAME_BASE = "@rpath";
				FRAMEWORK_SEARCH_PATHS = (
					"$(inherited)",
					"$(PROJECT_DIR)/Carthage/Build/Mac",
				);
				FRAMEWORK_VERSION = A;
				INFOPLIST_FILE = Arwing/Info.plist;
				INSTALL_PATH = "$(LOCAL_LIBRARY_DIR)/Frameworks";
				LD_RUNPATH_SEARCH_PATHS = "$(inherited) @executable_path/../Frameworks @loader_path/Frameworks";
				PRODUCT_BUNDLE_IDENTIFIER = "com.perfectly-cooked.Arwing";
				PRODUCT_NAME = "$(TARGET_NAME)";
				SKIP_INSTALL = YES;
				VERSIONING_SYSTEM = "apple-generic";
				VERSION_INFO_PREFIX = "";
			};
			name = Release;
		};
		7A8209801CC2E601008DB4DD /* Debug */ = {
			isa = XCBuildConfiguration;
			buildSettings = {
				COMBINE_HIDPI_IMAGES = YES;
				FRAMEWORK_SEARCH_PATHS = (
					"$(inherited)",
					"$(PROJECT_DIR)/Carthage/Build/Mac",
				);
				INFOPLIST_FILE = ArwingTests/Info.plist;
				LD_RUNPATH_SEARCH_PATHS = "$(inherited) @executable_path/../Frameworks @loader_path/../Frameworks";
				PRODUCT_BUNDLE_IDENTIFIER = "com.perfectly-cooked.ArwingTests";
				PRODUCT_NAME = "$(TARGET_NAME)";
				TEST_HOST = "$(BUILT_PRODUCTS_DIR)/Bailiff.app/Contents/MacOS/Bailiff";
			};
			name = Debug;
		};
		7A8209811CC2E601008DB4DD /* Release */ = {
			isa = XCBuildConfiguration;
			buildSettings = {
				COMBINE_HIDPI_IMAGES = YES;
				FRAMEWORK_SEARCH_PATHS = (
					"$(inherited)",
					"$(PROJECT_DIR)/Carthage/Build/Mac",
				);
				INFOPLIST_FILE = ArwingTests/Info.plist;
				LD_RUNPATH_SEARCH_PATHS = "$(inherited) @executable_path/../Frameworks @loader_path/../Frameworks";
				PRODUCT_BUNDLE_IDENTIFIER = "com.perfectly-cooked.ArwingTests";
				PRODUCT_NAME = "$(TARGET_NAME)";
				TEST_HOST = "$(BUILT_PRODUCTS_DIR)/Bailiff.app/Contents/MacOS/Bailiff";
			};
			name = Release;
		};
/* End XCBuildConfiguration section */

/* Begin XCConfigurationList section */
		7A02AF471CD820A800D9AAA9 /* Build configuration list for PBXNativeTarget "BailiffTests" */ = {
			isa = XCConfigurationList;
			buildConfigurations = (
				7A02AF451CD820A800D9AAA9 /* Debug */,
				7A02AF461CD820A800D9AAA9 /* Release */,
			);
			defaultConfigurationIsVisible = 0;
			defaultConfigurationName = Release;
		};
		7A82094A1CC2E592008DB4DD /* Build configuration list for PBXProject "Bailiff" */ = {
			isa = XCConfigurationList;
			buildConfigurations = (
				7A82095A1CC2E592008DB4DD /* Debug */,
				7A82095B1CC2E592008DB4DD /* Release */,
			);
			defaultConfigurationIsVisible = 0;
			defaultConfigurationName = Release;
		};
		7A82095C1CC2E592008DB4DD /* Build configuration list for PBXNativeTarget "Bailiff" */ = {
			isa = XCConfigurationList;
			buildConfigurations = (
				7A82095D1CC2E592008DB4DD /* Debug */,
				7A82095E1CC2E592008DB4DD /* Release */,
			);
			defaultConfigurationIsVisible = 0;
			defaultConfigurationName = Release;
		};
		7A82097B1CC2E601008DB4DD /* Build configuration list for PBXNativeTarget "Arwing" */ = {
			isa = XCConfigurationList;
			buildConfigurations = (
				7A82097C1CC2E601008DB4DD /* Debug */,
				7A82097D1CC2E601008DB4DD /* Release */,
			);
			defaultConfigurationIsVisible = 0;
			defaultConfigurationName = Release;
		};
		7A82097F1CC2E601008DB4DD /* Build configuration list for PBXNativeTarget "ArwingTests" */ = {
			isa = XCConfigurationList;
			buildConfigurations = (
				7A8209801CC2E601008DB4DD /* Debug */,
				7A8209811CC2E601008DB4DD /* Release */,
			);
			defaultConfigurationIsVisible = 0;
			defaultConfigurationName = Release;
		};
/* End XCConfigurationList section */
	};
	rootObject = 7A8209471CC2E592008DB4DD /* Project object */;
}
